github.com/davecgh/go-spew v1.1.0 h1:ZDRjVQ15GmhC3fiQ8ni8+OwkZQO4DARzQgrnXU1Liz8=
github.com/davecgh/go-spew v1.1.0/go.mod h1:J7Y8YcW2NihsgmVo/mv3lAwl/skON4iLHjSsI+c5H38=
github.com/dropbox/dropbox-sdk-go-unofficial v5.4.0+incompatible h1:9jnukMIowLSo3SY7+GTwxmYJv4QC0LxXbo97zHWCyoc=
github.com/dropbox/dropbox-sdk-go-unofficial v5.4.0+incompatible/go.mod h1:lr+LhMM3F6Y3lW1T9j2U5l7QeuWm87N9+PPXo3yH4qY=
github.com/eknkc/amber v0.0.0-20171010120322-cdade1c07385 h1:clC1lXBpe2kTj2VHdaIu9ajZQe4kcEY9j0NsnDDBZ3o=
github.com/eknkc/amber v0.0.0-20171010120322-cdade1c07385/go.mod h1:0vRUJqYpeSZifjYj7uP3BG/gKcuzL9xWVV/Y+cK33KM=
github.com/gobuffalo/packr v1.13.1 h1:1Z7KOEokVtxM7PFvh8ZYD/+h7vwN/hl1DBD4wDKWGvE=
github.com/gobuffalo/packr v1.13.1/go.mod h1:m3J/Q/tkaODAQq3r6NyWhDhJs2cVZS/lU0+0Edmfv3c=
github.com/golang/protobuf v1.2.0 h1:P3YflyNX/ehuJFLhxviNdFxQPkGK5cDcApsge1SqnvM=
github.com/golang/protobuf v1.2.0/go.mod h1:6lQm79b+lXiMfvg/cZm0SGofjICqVBUtrP5yJMmIC1U=
github.com/julienschmidt/httprouter v0.0.0-20170430222011-975b5c4c7c21 h1:hcRVDgbEIDiNW6kY/2+P6rJgjA8epCA19ezlBM3Ko5Q=
github.com/julienschmidt/httprouter v0.0.0-20170430222011-975b5c4c7c21/go.mod h1:SYymIcj16QtmaHHD7aYtjjsJG7VTCxuUUipMqKk8s4w=
github.com/markbates/grift v1.0.0/go.mod h1:6qyNEZSY8v6duE2tBtO/tPgBvxhT7g7DnQoIYpEyCfw=
github.com/pkg/errors v0.8.0 h1:WdK/asTD0HN+q6hsWO3/vpuAkAr+tw6aNJNDFFf0+qw=
github.com/pkg/errors v0.8.0/go.mod h1:bwawxfHBFNV+L2hUp1rHADufV3IMtnDRdf1r5NINEl0=
github.com/pmezard/go-difflib v1.0.0 h1:4DBwDE0NGyQoBHbLQYPwSUPoCMWR5BEzIk/f1lZbAQM=
github.com/pmezard/go-difflib v1.0.0/go.mod h1:iKH77koFhYxTK1pcRnkKkqfTogsbg7gZNVY4sRDYZ/4=
github.com/spf13/cobra v0.0.3/go.mod h1:1l0Ry5zgKvJasoi3XT1TypsSe7PqH0Sj9dhYf7v3XqQ=
github.com/spf13/pflag v1.0.1/go.mod h1:DYY7MBk1bdzusC3SYhjObp+wFpr4gzcvqqNjLnInEg4=
github.com/spf13/pflag v1.0.3 h1:zPAT6CGy6wXeQ7NtTnaTerfKOsV6V6F8agHXFiazDkg=
github.com/spf13/pflag v1.0.3/go.mod h1:DYY7MBk1bdzusC3SYhjObp+wFpr4gzcvqqNjLnInEg4=
github.com/stretchr/testify v1.2.2 h1:bSDNvY7ZPG5RlJ8otE/7V6gMiyenm9RtJ7IUVIAoJ1w=
github.com/stretchr/testify v1.2.2/go.mod h1:a8OnRcib4nhh0OaRAV+Yts87kKdq0PP7pXfy6kDkUVs=
github.com/unrolled/render v0.0.0-20171006150303-32bf1ea2a39e h1:+7ZLNyK3wLR1k8/+JXWlPYOuBIqpBMLzPDXwAExlmKY=
github.com/unrolled/render v0.0.0-20171006150303-32bf1ea2a39e/go.mod h1:tu82oB5W2ykJRVioYsB+IQKcft7ryBr7w12qMBUPyXg=
golang.org/x/net v0.0.0-20180724234803-3673e40ba225/go.mod h1:mL1N/T3taQHkDXs73rZJwtUhF3w3ftmwwsq0BUmARs4=
golang.org/x/net v0.0.0-20180808004115-f9ce57c11b24/go.mod h1:mL1N/T3taQHkDXs73rZJwtUhF3w3ftmwwsq0BUmARs4=
golang.org/x/net v0.0.0-20180811021610-c39426892332 h1:efGso+ep0DjyCBJPjvoz0HI6UldX4Md2F1rZFe1ir0E=
golang.org/x/net v0.0.0-20180811021610-c39426892332/go.mod h1:mL1N/T3taQHkDXs73rZJwtUhF3w3ftmwwsq0BUmARs4=
golang.org/x/oauth2 v0.0.0-20181203162652-d668ce993890 h1:uESlIz09WIHT2I+pasSXcpLYqYK8wHcdCetU3VuMBJE=
golang.org/x/oauth2 v0.0.0-20181203162652-d668ce993890/go.mod h1:N/0e6XlmueqKjAGxoOufVs8QHGRruUQn6yWY3a++T0U=
golang.org/x/sync v0.0.0-20180314180146-1d60e4601c6f h1:wMNYb4v58l5UBM7MYRLPG6ZhfOqbKu7X5eyFl8ZhKvA=
golang.org/x/sync v0.0.0-20180314180146-1d60e4601c6f/go.mod h1:RxMgew5VJxzue5/jJTE5uejpjVlOe/izrB70Jof72aM=
golang.org/x/text v0.3.0/go.mod h1:NqM8EUOU14njkJ3fqMW+pc6Ldnwhi/IjpwHt7yyuwOQ=
google.golang.org/appengine v1.4.0 h1:/wp5JvzpHIxhs/dumFmF7BXTf3Z+dd4uXta4kVyO508=
google.golang.org/appengine v1.4.0/go.mod h1:xpcJRLb0r/rnEns0DIKYYv+WjYCduHsrkT7/EB5XEv4=
